{
  "name": "janus-videoroom-client",
  "version": "3.2.6",
  "dependencies": {
    "assertion-error": {
      "version": "1.0.2",
      "from": "assertion-error@>=1.0.1 <2.0.0",
      "resolved": "https://registry.npmjs.org/assertion-error/-/assertion-error-1.0.2.tgz"
    },
    "balanced-match": {
      "version": "1.0.0",
      "from": "balanced-match@>=1.0.0 <2.0.0",
      "resolved": "https://npm-registry.sipwise.com/balanced-match/-/balanced-match-1.0.0.tgz",
      "dev": true
    },
    "bluebird": {
      "version": "3.4.1",
      "from": "bluebird@3.4.1",
      "resolved": "https://registry.npmjs.org/bluebird/-/bluebird-3.4.1.tgz"
    },
    "brace-expansion": {
      "version": "1.1.8",
      "from": "brace-expansion@>=1.1.7 <2.0.0",
      "resolved": "https://npm-registry.sipwise.com/brace-expansion/-/brace-expansion-1.1.8.tgz",
      "dev": true
    },
    "browser-stdout": {
      "version": "1.3.0",
      "from": "browser-stdout@1.3.0",
      "resolved": "https://npm-registry.sipwise.com/browser-stdout/-/browser-stdout-1.3.0.tgz",
      "dev": true
    },
    "chai": {
      "version": "3.5.0",
      "from": "chai@3.5.0",
      "resolved": "https://registry.npmjs.org/chai/-/chai-3.5.0.tgz"
    },
    "commander": {
      "version": "2.9.0",
      "from": "commander@2.9.0",
      "resolved": "https://registry.npmjs.org/commander/-/commander-2.9.0.tgz",
      "dev": true
    },
    "concat-map": {
      "version": "0.0.1",
      "from": "concat-map@0.0.1",
      "resolved": "https://npm-registry.sipwise.com/concat-map/-/concat-map-0.0.1.tgz",
      "dev": true
    },
    "debug": {
      "version": "2.6.9",
      "from": "debug@>=2.1.0 <3.0.0",
      "resolved": "https://npm-registry.sipwise.com/debug/-/debug-2.6.9.tgz"
    },
    "debug-logger": {
      "version": "0.4.1",
      "from": "debug-logger@0.4.1",
      "resolved": "https://registry.npmjs.org/debug-logger/-/debug-logger-0.4.1.tgz"
    },
    "deep-eql": {
      "version": "0.1.3",
      "from": "deep-eql@>=0.1.3 <0.2.0",
      "resolved": "https://registry.npmjs.org/deep-eql/-/deep-eql-0.1.3.tgz",
      "dependencies": {
        "type-detect": {
          "version": "0.1.1",
          "from": "type-detect@0.1.1",
          "resolved": "https://registry.npmjs.org/type-detect/-/type-detect-0.1.1.tgz"
        }
      }
    },
    "diff": {
      "version": "1.4.0",
      "from": "diff@1.4.0",
      "resolved": "https://npm-registry.sipwise.com/diff/-/diff-1.4.0.tgz",
      "dev": true
    },
    "escape-string-regexp": {
      "version": "1.0.5",
      "from": "escape-string-regexp@1.0.5",
      "resolved": "https://npm-registry.sipwise.com/escape-string-regexp/-/escape-string-regexp-1.0.5.tgz",
      "dev": true
    },
    "fs.realpath": {
      "version": "1.0.0",
      "from": "fs.realpath@>=1.0.0 <2.0.0",
      "resolved": "https://npm-registry.sipwise.com/fs.realpath/-/fs.realpath-1.0.0.tgz",
      "dev": true
    },
    "glob": {
      "version": "7.0.5",
      "from": "glob@7.0.5",
      "resolved": "https://npm-registry.sipwise.com/glob/-/glob-7.0.5.tgz",
      "dev": true
    },
    "graceful-readlink": {
      "version": "1.0.1",
      "from": "graceful-readlink@>=1.0.0",
      "resolved": "https://npm-registry.sipwise.com/graceful-readlink/-/graceful-readlink-1.0.1.tgz",
      "dev": true
    },
    "growl": {
      "version": "1.9.2",
      "from": "growl@1.9.2",
      "resolved": "https://npm-registry.sipwise.com/growl/-/growl-1.9.2.tgz",
      "dev": true
    },
    "has-flag": {
      "version": "1.0.0",
      "from": "has-flag@>=1.0.0 <2.0.0",
      "resolved": "https://npm-registry.sipwise.com/has-flag/-/has-flag-1.0.0.tgz",
      "dev": true
    },
    "inflight": {
      "version": "1.0.6",
      "from": "inflight@>=1.0.4 <2.0.0",
      "resolved": "https://npm-registry.sipwise.com/inflight/-/inflight-1.0.6.tgz",
      "dev": true
    },
    "inherits": {
      "version": "2.0.3",
      "from": "inherits@>=2.0.0 <3.0.0",
      "resolved": "https://npm-registry.sipwise.com/inherits/-/inherits-2.0.3.tgz",
      "dev": true
    },
    "json3": {
      "version": "3.3.2",
      "from": "json3@3.3.2",
      "resolved": "https://npm-registry.sipwise.com/json3/-/json3-3.3.2.tgz",
      "dev": true
    },
    "lodash": {
      "version": "4.14.1",
      "from": "lodash@4.14.1",
      "resolved": "https://registry.npmjs.org/lodash/-/lodash-4.14.1.tgz"
    },
    "lodash._baseassign": {
      "version": "3.2.0",
      "from": "lodash._baseassign@>=3.0.0 <4.0.0",
      "resolved": "https://npm-registry.sipwise.com/lodash._baseassign/-/lodash._baseassign-3.2.0.tgz",
      "dev": true
    },
    "lodash._basecopy": {
      "version": "3.0.1",
      "from": "lodash._basecopy@>=3.0.0 <4.0.0",
      "resolved": "https://npm-registry.sipwise.com/lodash._basecopy/-/lodash._basecopy-3.0.1.tgz",
      "dev": true
    },
    "lodash._basecreate": {
      "version": "3.0.3",
      "from": "lodash._basecreate@>=3.0.0 <4.0.0",
      "resolved": "https://npm-registry.sipwise.com/lodash._basecreate/-/lodash._basecreate-3.0.3.tgz",
      "dev": true
    },
    "lodash._getnative": {
      "version": "3.9.1",
      "from": "lodash._getnative@>=3.0.0 <4.0.0",
      "resolved": "https://npm-registry.sipwise.com/lodash._getnative/-/lodash._getnative-3.9.1.tgz",
      "dev": true
    },
    "lodash._isiterateecall": {
      "version": "3.0.9",
      "from": "lodash._isiterateecall@>=3.0.0 <4.0.0",
      "resolved": "https://npm-registry.sipwise.com/lodash._isiterateecall/-/lodash._isiterateecall-3.0.9.tgz",
      "dev": true
    },
    "lodash.create": {
      "version": "3.1.1",
      "from": "lodash.create@3.1.1",
      "resolved": "https://npm-registry.sipwise.com/lodash.create/-/lodash.create-3.1.1.tgz",
      "dev": true
    },
    "lodash.isarguments": {
      "version": "3.1.0",
      "from": "lodash.isarguments@>=3.0.0 <4.0.0",
      "resolved": "https://npm-registry.sipwise.com/lodash.isarguments/-/lodash.isarguments-3.1.0.tgz",
      "dev": true
    },
    "lodash.isarray": {
      "version": "3.0.4",
      "from": "lodash.isarray@>=3.0.0 <4.0.0",
      "resolved": "https://npm-registry.sipwise.com/lodash.isarray/-/lodash.isarray-3.0.4.tgz",
      "dev": true
    },
    "lodash.keys": {
      "version": "3.1.2",
      "from": "lodash.keys@>=3.0.0 <4.0.0",
      "resolved": "https://npm-registry.sipwise.com/lodash.keys/-/lodash.keys-3.1.2.tgz",
      "dev": true
    },
    "minimatch": {
      "version": "3.0.4",
      "from": "minimatch@>=3.0.2 <4.0.0",
      "resolved": "https://npm-registry.sipwise.com/minimatch/-/minimatch-3.0.4.tgz",
      "dev": true
    },
    "minimist": {
      "version": "0.0.8",
      "from": "minimist@0.0.8",
      "resolved": "https://npm-registry.sipwise.com/minimist/-/minimist-0.0.8.tgz",
      "dev": true
    },
    "mkdirp": {
      "version": "0.5.1",
      "from": "mkdirp@0.5.1",
      "resolved": "https://npm-registry.sipwise.com/mkdirp/-/mkdirp-0.5.1.tgz",
      "dev": true
    },
    "mocha": {
      "version": "3.0.1",
      "from": "mocha@3.0.1",
      "resolved": "https://npm-registry.sipwise.com/mocha/-/mocha-3.0.1.tgz",
      "dev": true,
      "dependencies": {
        "debug": {
          "version": "2.2.0",
          "from": "debug@2.2.0",
          "resolved": "https://registry.npmjs.org/debug/-/debug-2.2.0.tgz",
          "dev": true
        },
        "ms": {
          "version": "0.7.1",
          "from": "ms@0.7.1",
          "resolved": "https://registry.npmjs.org/ms/-/ms-0.7.1.tgz",
          "dev": true
        }
      }
    },
    "ms": {
      "version": "2.0.0",
      "from": "ms@2.0.0",
      "resolved": "https://npm-registry.sipwise.com/ms/-/ms-2.0.0.tgz"
    },
    "once": {
      "version": "1.4.0",
      "from": "once@>=1.3.0 <2.0.0",
      "resolved": "https://npm-registry.sipwise.com/once/-/once-1.4.0.tgz",
      "dev": true
    },
    "options": {
      "version": "0.0.6",
      "from": "options@>=0.0.5",
      "resolved": "https://registry.npmjs.org/options/-/options-0.0.6.tgz"
    },
    "path-is-absolute": {
      "version": "1.0.1",
      "from": "path-is-absolute@>=1.0.0 <2.0.0",
      "resolved": "https://npm-registry.sipwise.com/path-is-absolute/-/path-is-absolute-1.0.1.tgz",
      "dev": true
    },
    "supports-color": {
      "version": "3.1.2",
      "from": "supports-color@3.1.2",
      "resolved": "https://npm-registry.sipwise.com/supports-color/-/supports-color-3.1.2.tgz",
      "dev": true
    },
    "type-detect": {
      "version": "1.0.0",
      "from": "type-detect@>=1.0.0 <2.0.0",
      "resolved": "https://registry.npmjs.org/type-detect/-/type-detect-1.0.0.tgz"
    },
    "ultron": {
      "version": "1.0.2",
      "from": "ultron@>=1.0.0 <1.1.0",
      "resolved": "https://registry.npmjs.org/ultron/-/ultron-1.0.2.tgz"
    },
    "uuid": {
      "version": "2.0.2",
      "from": "uuid@2.0.2",
      "resolved": "https://registry.npmjs.org/uuid/-/uuid-2.0.2.tgz"
    },
    "validator": {
      "version": "6.1.0",
      "from": "validator@6.1.0",
      "resolved": "https://registry.npmjs.org/validator/-/validator-6.1.0.tgz"
    },
    "wrappy": {
      "version": "1.0.2",
      "from": "wrappy@>=1.0.0 <2.0.0",
      "resolved": "https://npm-registry.sipwise.com/wrappy/-/wrappy-1.0.2.tgz",
      "dev": true
    },
    "ws": {
      "version": "1.1.1",
      "from": "ws@1.1.1",
      "resolved": "https://registry.npmjs.org/ws/-/ws-1.1.1.tgz"
    }
  }
}
